
Microsoft Visual Studio Solution File, Format Version 12.00
# Visual Studio 2013
VisualStudioVersion = 12.0.40629.0
MinimumVisualStudioVersion = 10.0.40219.1
Project("{FAE04EC0-301F-11D3-BF4B-00C04F79EFBC}") = "VDiskAPIDemo", "VDiskAPIDemo\VDiskAPIDemo.csproj", "{37E0541F-3D54-411D-B58F-2BCFA89CB369}"
EndProject
Global
	GlobalSection(SolutionConfigurationPlatforms) = preSolution
		Debug|Any CPU = Debug|Any CPU
		Release|Any CPU = Release|Any CPU
	EndGlobalSection
	GlobalSection(ProjectConfigurationPlatforms) = postSolution
		{37E0541F-3D54-411D-B58F-2BCFA89CB369}.Debug|Any CPU.ActiveCfg = Debug|Any CPU
		{37E0541F-3D54-411D-B58F-2BCFA89CB369}.Debug|Any CPU.Build.0 = Debug|Any CPU
		{37E0541F-3D54-411D-B58F-2BCFA89CB369}.Release|Any CPU.ActiveCfg = Release|Any CPU
		{37E0541F-3D54-411D-B58F-2BCFA89CB369}.Release|Any CPU.Build.0 = Release|Any CPU
	EndGlobalSection
	GlobalSection(SolutionProperties) = preSolution
		HideSolutionNode = FALSE
	EndGlobalSection
EndGlobal
